
Microsoft Visual Studio Solution File, Format Version 12.00
# Visual Studio Version 17
VisualStudioVersion = 17.3.32922.545
MinimumVisualStudioVersion = 10.0.40219.1
Project("{FAE04EC0-301F-11D3-BF4B-00C04F79EFBC}") = "Certificados Clientes WL", "Certificados Clientes WL\Certificados Clientes WL.csproj", "{0DD9FACA-BA0C-4DB3-9E94-FB658C6C5F2E}"
EndProject
Project("{54435603-DBB4-11D2-8724-00A0C9A8B90C}") = "Instalador Certificados Clientes WL", "Instalador Certificados Clientes WL\Instalador Certificados Clientes WL.vdproj", "{0F7F92F2-0890-45BB-94BC-340363A06884}"
EndProject
Global
	GlobalSection(SolutionConfigurationPlatforms) = preSolution
		Debug|Any CPU = Debug|Any CPU
		Release|Any CPU = Release|Any CPU
	EndGlobalSection
	GlobalSection(ProjectConfigurationPlatforms) = postSolution
		{0DD9FACA-BA0C-4DB3-9E94-FB658C6C5F2E}.Debug|Any CPU.ActiveCfg = Debug|Any CPU
		{0DD9FACA-BA0C-4DB3-9E94-FB658C6C5F2E}.Debug|Any CPU.Build.0 = Debug|Any CPU
		{0DD9FACA-BA0C-4DB3-9E94-FB658C6C5F2E}.Release|Any CPU.ActiveCfg = Release|Any CPU
		{0DD9FACA-BA0C-4DB3-9E94-FB658C6C5F2E}.Release|Any CPU.Build.0 = Release|Any CPU
		{0F7F92F2-0890-45BB-94BC-340363A06884}.Debug|Any CPU.ActiveCfg = Debug
		{0F7F92F2-0890-45BB-94BC-340363A06884}.Release|Any CPU.ActiveCfg = Release
	EndGlobalSection
	GlobalSection(SolutionProperties) = preSolution
		HideSolutionNode = FALSE
	EndGlobalSection
	GlobalSection(ExtensibilityGlobals) = postSolution
		SolutionGuid = {B3DB1E4E-E229-4F15-B014-C7E1F18DEC3E}
	EndGlobalSection
EndGlobal
